
Microsoft Visual Studio Solution File, Format Version 12.00
# Visual Studio Version 17
VisualStudioVersion = 17.5.33414.496
MinimumVisualStudioVersion = 10.0.40219.1
Project("{FAE04EC0-301F-11D3-BF4B-00C04F79EFBC}") = "crudapp", "crudapp\crudapp.csproj", "{74543F06-D1A9-4006-8FC2-62862EF74D87}"
EndProject
Global
	GlobalSection(SolutionConfigurationPlatforms) = preSolution
		Debug|Any CPU = Debug|Any CPU
		Release|Any CPU = Release|Any CPU
	EndGlobalSection
	GlobalSection(ProjectConfigurationPlatforms) = postSolution
		{74543F06-D1A9-4006-8FC2-62862EF74D87}.Debug|Any CPU.ActiveCfg = Debug|Any CPU
		{74543F06-D1A9-4006-8FC2-62862EF74D87}.Debug|Any CPU.Build.0 = Debug|Any CPU
		{74543F06-D1A9-4006-8FC2-62862EF74D87}.Release|Any CPU.ActiveCfg = Release|Any CPU
		{74543F06-D1A9-4006-8FC2-62862EF74D87}.Release|Any CPU.Build.0 = Release|Any CPU
	EndGlobalSection
	GlobalSection(SolutionProperties) = preSolution
		HideSolutionNode = FALSE
	EndGlobalSection
	GlobalSection(ExtensibilityGlobals) = postSolution
		SolutionGuid = {1A356727-A782-4F20-9208-8F3B22E1FDC3}
	EndGlobalSection
EndGlobal
